
Microsoft Visual Studio Solution File, Format Version 12.00
# Visual Studio Version 16
VisualStudioVersion = 16.0.810.16
MinimumVisualStudioVersion = 10.0.40219.1
Project("{FAE04EC0-301F-11D3-BF4B-00C04F79EFBC}") = "UnitTests", "UnitTests.csproj", "{6801B230-DE50-4971-98BC-4017C1586CAC}"
EndProject
Project("{FAE04EC0-301F-11D3-BF4B-00C04F79EFBC}") = "UnitTests.Tests", "UnitTests.Tests\UnitTests.Tests.csproj", "{650F6553-AD7E-44D6-945A-171770033769}"
EndProject
Global
	GlobalSection(SolutionConfigurationPlatforms) = preSolution
		Debug|Any CPU = Debug|Any CPU
		Release|Any CPU = Release|Any CPU
	EndGlobalSection
	GlobalSection(ProjectConfigurationPlatforms) = postSolution
		{6801B230-DE50-4971-98BC-4017C1586CAC}.Debug|Any CPU.ActiveCfg = Debug|Any CPU
		{6801B230-DE50-4971-98BC-4017C1586CAC}.Debug|Any CPU.Build.0 = Debug|Any CPU
		{6801B230-DE50-4971-98BC-4017C1586CAC}.Release|Any CPU.ActiveCfg = Release|Any CPU
		{6801B230-DE50-4971-98BC-4017C1586CAC}.Release|Any CPU.Build.0 = Release|Any CPU
		{650F6553-AD7E-44D6-945A-171770033769}.Debug|Any CPU.ActiveCfg = Debug|Any CPU
		{650F6553-AD7E-44D6-945A-171770033769}.Debug|Any CPU.Build.0 = Debug|Any CPU
		{650F6553-AD7E-44D6-945A-171770033769}.Release|Any CPU.ActiveCfg = Release|Any CPU
		{650F6553-AD7E-44D6-945A-171770033769}.Release|Any CPU.Build.0 = Release|Any CPU
	EndGlobalSection
	GlobalSection(SolutionProperties) = preSolution
		HideSolutionNode = FALSE
	EndGlobalSection
	GlobalSection(ExtensibilityGlobals) = postSolution
		SolutionGuid = {A5AE778A-9653-444A-829B-AED2ABC9167B}
	EndGlobalSection
EndGlobal
